<?xml version="1.0" encoding="utf-8"?>
<Project ToolsVersion="4.0" xmlns="http://schemas.microsoft.com/developer/msbuild/2003">
  <ItemGroup>
    <Filter Include="Source Files">
      <UniqueIdentifier>{c4338ae4-a47d-46cb-b49c-379d329fab0c}</UniqueIdentifier>
      <Extensions>cpp;c;cxx;rc;def;r;odl;idl;hpj;bat</Extensions>
    </Filter>
    <Filter Include="Source Files\Utils">
      <UniqueIdentifier>{05324c4c-b100-492a-86a8-942c6b3c3a12}</UniqueIdentifier>
    </Filter>
    <Filter Include="Source Files\Core">
      <UniqueIdentifier>{f30e4898-492e-48cc-aff9-0415f966b2a0}</UniqueIdentifier>
    </Filter>
    <Filter Include="Source Files\Layout">
      <UniqueIdentifier>{286e3397-d055-4532-8492-c4f92d073e10}</UniqueIdentifier>
    </Filter>
    <Filter Include="Source Files\Control">
      <UniqueIdentifier>{4f34750e-f1e9-4025-83fa-38679695de2e}</UniqueIdentifier>
    </Filter>
    <Filter Include="Header Files">
      <UniqueIdentifier>{0c9e460e-74dd-4124-b4b5-2f666dacabd1}</UniqueIdentifier>
      <Extensions>h;hpp;hxx;hm;inl</Extensions>
    </Filter>
    <Filter Include="Header Files\Utils">
      <UniqueIdentifier>{a6510ba6-0084-48af-b214-3d5371760b53}</UniqueIdentifier>
    </Filter>
    <Filter Include="Header Files\Core">
      <UniqueIdentifier>{7dcfb006-b1ac-461d-8242-097371c52f02}</UniqueIdentifier>
    </Filter>
    <Filter Include="Header Files\Layout">
      <UniqueIdentifier>{e8db00cc-0591-4e71-8922-9109041104f3}</UniqueIdentifier>
    </Filter>
    <Filter Include="Header Files\Control">
      <UniqueIdentifier>{a46503ce-8bce-4dc9-b528-86335efda8c5}</UniqueIdentifier>
    </Filter>
    <Filter Include="Resource Files">
      <UniqueIdentifier>{bb8bbf65-2ac9-4b39-85bb-198701027155}</UniqueIdentifier>
      <Extensions>ico;cur;bmp;dlg;rc2;rct;bin;rgs;gif;jpg;jpeg;jpe</Extensions>
    </Filter>
    <Filter Include="Extend">
      <UniqueIdentifier>{2ffdb5fb-2b7d-43ba-bd92-3a0c6d256d32}</UniqueIdentifier>
    </Filter>
    <Filter Include="Extend\WkeWebkit">
      <UniqueIdentifier>{7c693e0e-4db7-49cd-99da-99b4bb8003a6}</UniqueIdentifier>
    </Filter>
    <Filter Include="Extend\Sound">
      <UniqueIdentifier>{9a527145-464c-4193-ab91-2635a72767f8}</UniqueIdentifier>
    </Filter>
    <Filter Include="Common">
      <UniqueIdentifier>{62ed18d5-0182-4c2d-a8a4-0928cfdbba5a}</UniqueIdentifier>
    </Filter>
    <Filter Include="Extend\Menu">
      <UniqueIdentifier>{689a035a-a0c6-4df3-a996-d6131a66c276}</UniqueIdentifier>
    </Filter>
    <Filter Include="Extend\RzLib">
      <UniqueIdentifier>{3da83835-2e13-4b74-b671-a039231c9d7d}</UniqueIdentifier>
    </Filter>
    <Filter Include="Extend\Logger">
      <UniqueIdentifier>{b2c6ffa2-6d1d-41b1-8329-1b8c02157998}</UniqueIdentifier>
    </Filter>
    <Filter Include="Skin">
      <UniqueIdentifier>{5b2eef98-7dc2-4f34-9019-5ae15c394ed5}</UniqueIdentifier>
    </Filter>
    <Filter Include="Skin\msgbox">
      <UniqueIdentifier>{4f1b1b81-96ba-4f50-8296-d18109996798}</UniqueIdentifier>
    </Filter>
    <Filter Include="Skin\res">
      <UniqueIdentifier>{984514ea-172e-460d-99dd-8430c0ffa4b6}</UniqueIdentifier>
    </Filter>
    <Filter Include="NetWork">
      <UniqueIdentifier>{9e149cc8-bc24-4d32-932e-80e7e18429b0}</UniqueIdentifier>
    </Filter>
    <Filter Include="NetWork\HTTP">
      <UniqueIdentifier>{d0168c7d-6b19-4fff-b10b-73f29cfd51fd}</UniqueIdentifier>
    </Filter>
    <Filter Include="NetWork\SOCK">
      <UniqueIdentifier>{7e510bfb-7bf0-4262-a619-d2734d62ce3c}</UniqueIdentifier>
    </Filter>
  </ItemGroup>
  <ItemGroup>
    <ClCompile Include="StdAfx.cpp">
      <Filter>Source Files</Filter>
    </ClCompile>
    <ClCompile Include="UIlib.cpp">
      <Filter>Source Files</Filter>
    </ClCompile>
    <ClCompile Include="Utils\stb_image.c">
      <Filter>Source Files\Utils</Filter>
    </ClCompile>
    <ClCompile Include="Utils\UIDelegate.cpp">
      <Filter>Source Files\Utils</Filter>
    </ClCompile>
    <ClCompile Include="Utils\Utils.cpp">
      <Filter>Source Files\Utils</Filter>
    </ClCompile>
    <ClCompile Include="Utils\XUnzip.cpp">
      <Filter>Source Files\Utils</Filter>
    </ClCompile>
    <ClCompile Include="Core\UIBase.cpp">
      <Filter>Source Files\Core</Filter>
    </ClCompile>
    <ClCompile Include="Core\UIContainer.cpp">
      <Filter>Source Files\Core</Filter>
    </ClCompile>
    <ClCompile Include="Core\UIControl.cpp">
      <Filter>Source Files\Core</Filter>
    </ClCompile>
    <ClCompile Include="Core\UIDlgBuilder.cpp">
      <Filter>Source Files\Core</Filter>
    </ClCompile>
    <ClCompile Include="Core\UIManager.cpp">
      <Filter>Source Files\Core</Filter>
    </ClCompile>
    <ClCompile Include="Core\UIMarkup.cpp">
      <Filter>Source Files\Core</Filter>
    </ClCompile>
    <ClCompile Include="Core\UIRender.cpp">
      <Filter>Source Files\Core</Filter>
    </ClCompile>
    <ClCompile Include="Layout\UIChildLayout.cpp">
      <Filter>Source Files\Layout</Filter>
    </ClCompile>
    <ClCompile Include="Layout\UIHorizontalLayout.cpp">
      <Filter>Source Files\Layout</Filter>
    </ClCompile>
    <ClCompile Include="Layout\UITabLayout.cpp">
      <Filter>Source Files\Layout</Filter>
    </ClCompile>
    <ClCompile Include="Layout\UITileLayout.cpp">
      <Filter>Source Files\Layout</Filter>
    </ClCompile>
    <ClCompile Include="Layout\UIVerticalLayout.cpp">
      <Filter>Source Files\Layout</Filter>
    </ClCompile>
    <ClCompile Include="Control\UIActiveX.cpp">
      <Filter>Source Files\Control</Filter>
    </ClCompile>
    <ClCompile Include="Control\UIButton.cpp">
      <Filter>Source Files\Control</Filter>
    </ClCompile>
    <ClCompile Include="Control\UICheckBox.cpp">
      <Filter>Source Files\Control</Filter>
    </ClCompile>
    <ClCompile Include="Control\UICombo.cpp">
      <Filter>Source Files\Control</Filter>
    </ClCompile>
    <ClCompile Include="Control\UIComboBox.cpp">
      <Filter>Source Files\Control</Filter>
    </ClCompile>
    <ClCompile Include="Control\UIDateTime.cpp">
      <Filter>Source Files\Control</Filter>
    </ClCompile>
    <ClCompile Include="Control\UIEdit.cpp">
      <Filter>Source Files\Control</Filter>
    </ClCompile>
    <ClCompile Include="Control\UILabel.cpp">
      <Filter>Source Files\Control</Filter>
    </ClCompile>
    <ClCompile Include="Control\UIList.cpp">
      <Filter>Source Files\Control</Filter>
    </ClCompile>
    <ClCompile Include="Control\UIOption.cpp">
      <Filter>Source Files\Control</Filter>
    </ClCompile>
    <ClCompile Include="Control\UIProgress.cpp">
      <Filter>Source Files\Control</Filter>
    </ClCompile>
    <ClCompile Include="Control\UIRichEdit.cpp">
      <Filter>Source Files\Control</Filter>
    </ClCompile>
    <ClCompile Include="Control\UIScrollBar.cpp">
      <Filter>Source Files\Control</Filter>
    </ClCompile>
    <ClCompile Include="Control\UISlider.cpp">
      <Filter>Source Files\Control</Filter>
    </ClCompile>
    <ClCompile Include="Control\UIText.cpp">
      <Filter>Source Files\Control</Filter>
    </ClCompile>
    <ClCompile Include="Control\UITreeView.cpp">
      <Filter>Source Files\Control</Filter>
    </ClCompile>
    <ClCompile Include="Control\UIWebBrowser.cpp">
      <Filter>Source Files\Control</Filter>
    </ClCompile>
    <ClCompile Include="Control\UIAnimation.cpp">
      <Filter>Source Files\Control</Filter>
    </ClCompile>
    <ClCompile Include="Control\UIFadeAnimation.cpp">
      <Filter>Source Files\Control</Filter>
    </ClCompile>
    <ClCompile Include="Control\UIFadeButton.cpp">
      <Filter>Source Files\Control</Filter>
    </ClCompile>
    <ClCompile Include="Control\UIFadeCheckBox.cpp">
      <Filter>Source Files\Control</Filter>
    </ClCompile>
    <ClCompile Include="Control\UIFadeOption.cpp">
      <Filter>Source Files\Control</Filter>
    </ClCompile>
    <ClCompile Include="Layout\UIAnimationTabLayout.cpp">
      <Filter>Source Files\Layout</Filter>
    </ClCompile>
    <ClCompile Include="Control\UIHotKey.cpp">
      <Filter>Source Files\Control</Filter>
    </ClCompile>
    <ClCompile Include="Control\UIAnimControl.cpp">
      <Filter>Source Files\Control</Filter>
    </ClCompile>
    <ClCompile Include="Control\UISeqAnimation.cpp">
      <Filter>Source Files\Control</Filter>
    </ClCompile>
    <ClCompile Include="Control\UISeqButton.cpp">
      <Filter>Source Files\Control</Filter>
    </ClCompile>
    <ClCompile Include="Control\UIAlbumButton.cpp">
      <Filter>Source Files\Control</Filter>
    </ClCompile>
    <ClCompile Include="Control\UIGifAnim.cpp">
      <Filter>Source Files\Control</Filter>
    </ClCompile>
    <ClCompile Include="Utils\UIReflection.cpp">
      <Filter>Source Files\Utils</Filter>
    </ClCompile>
    <ClCompile Include="Control\UIRadio.cpp">
      <Filter>Source Files\Control</Filter>
    </ClCompile>
    <ClCompile Include="Control\UIAniHelper.cpp">
      <Filter>Source Files\Control</Filter>
    </ClCompile>
    <ClCompile Include="Utils\Window.cpp">
      <Filter>Source Files\Utils</Filter>
    </ClCompile>
    <ClCompile Include="Utils\WindowImpl.cpp">
      <Filter>Source Files\Utils</Filter>
    </ClCompile>
    <ClCompile Include="Control\UIFlash.cpp">
      <Filter>Source Files\Control</Filter>
    </ClCompile>
    <ClCompile Include="Extend\WkeWebkit\UIWkeWebkit.cpp">
      <Filter>Extend\WkeWebkit</Filter>
    </ClCompile>
    <ClCompile Include="Extend\Sound\SoundEngine.cpp">
      <Filter>Extend\Sound</Filter>
    </ClCompile>
    <ClCompile Include="Extend\Sound\SoundSystem.cpp">
      <Filter>Extend\Sound</Filter>
    </ClCompile>
    <ClCompile Include="Common\UICrack.cpp">
      <Filter>Common</Filter>
    </ClCompile>
    <ClCompile Include="Common\Utility.cpp">
      <Filter>Common</Filter>
    </ClCompile>
    <ClCompile Include="Common\sys.cpp">
      <Filter>Common</Filter>
    </ClCompile>
    <ClCompile Include="Extend\Menu\UIMenu.cpp">
      <Filter>Extend\Menu</Filter>
    </ClCompile>
    <ClCompile Include="Common\DuiString.cpp">
      <Filter>Common</Filter>
    </ClCompile>
    <ClCompile Include="Common\AssertX.cpp">
      <Filter>Common</Filter>
    </ClCompile>
    <ClCompile Include="Common\Exception.cpp">
      <Filter>Common</Filter>
    </ClCompile>
    <ClCompile Include="Extend\Log\Logger.cpp">
      <Filter>Extend\Logger</Filter>
    </ClCompile>
    <ClCompile Include="Core\UITimer.cpp">
      <Filter>Source Files\Core</Filter>
    </ClCompile>
    <ClCompile Include="Core\UITrayIcon.cpp">
      <Filter>Source Files\Core</Filter>
    </ClCompile>
  </ItemGroup>
  <ItemGroup>
    <ClInclude Include="StdAfx.h">
      <Filter>Header Files</Filter>
    </ClInclude>
    <ClInclude Include="UIlib.h">
      <Filter>Header Files</Filter>
    </ClInclude>
    <ClInclude Include="Utils\downloadmgr.h">
      <Filter>Header Files\Utils</Filter>
    </ClInclude>
    <ClInclude Include="Utils\FlashEventHandler.h">
      <Filter>Header Files\Utils</Filter>
    </ClInclude>
    <ClInclude Include="Utils\UIDelegate.h">
      <Filter>Header Files\Utils</Filter>
    </ClInclude>
    <ClInclude Include="Utils\Utils.h">
      <Filter>Header Files\Utils</Filter>
    </ClInclude>
    <ClInclude Include="Utils\WebBrowserEventHandler.h">
      <Filter>Header Files\Utils</Filter>
    </ClInclude>
    <ClInclude Include="Core\UIBase.h">
      <Filter>Header Files\Core</Filter>
    </ClInclude>
    <ClInclude Include="Core\UIContainer.h">
      <Filter>Header Files\Core</Filter>
    </ClInclude>
    <ClInclude Include="Core\UIControl.h">
      <Filter>Header Files\Core</Filter>
    </ClInclude>
    <ClInclude Include="Core\UIDefine.h">
      <Filter>Header Files\Core</Filter>
    </ClInclude>
    <ClInclude Include="Core\UIDlgBuilder.h">
      <Filter>Header Files\Core</Filter>
    </ClInclude>
    <ClInclude Include="Core\UIManager.h">
      <Filter>Header Files\Core</Filter>
    </ClInclude>
    <ClInclude Include="Core\UIMarkup.h">
      <Filter>Header Files\Core</Filter>
    </ClInclude>
    <ClInclude Include="Core\UIRender.h">
      <Filter>Header Files\Core</Filter>
    </ClInclude>
    <ClInclude Include="Layout\UIChildLayout.h">
      <Filter>Header Files\Layout</Filter>
    </ClInclude>
    <ClInclude Include="Layout\UIHorizontalLayout.h">
      <Filter>Header Files\Layout</Filter>
    </ClInclude>
    <ClInclude Include="Layout\UITabLayout.h">
      <Filter>Header Files\Layout</Filter>
    </ClInclude>
    <ClInclude Include="Layout\UITileLayout.h">
      <Filter>Header Files\Layout</Filter>
    </ClInclude>
    <ClInclude Include="Layout\UIVerticalLayout.h">
      <Filter>Header Files\Layout</Filter>
    </ClInclude>
    <ClInclude Include="Control\UIActiveX.h">
      <Filter>Header Files\Control</Filter>
    </ClInclude>
    <ClInclude Include="Control\UIButton.h">
      <Filter>Header Files\Control</Filter>
    </ClInclude>
    <ClInclude Include="Control\UICheckBox.h">
      <Filter>Header Files\Control</Filter>
    </ClInclude>
    <ClInclude Include="Control\UICombo.h">
      <Filter>Header Files\Control</Filter>
    </ClInclude>
    <ClInclude Include="Control\UIComboBox.h">
      <Filter>Header Files\Control</Filter>
    </ClInclude>
    <ClInclude Include="Control\UIDateTime.h">
      <Filter>Header Files\Control</Filter>
    </ClInclude>
    <ClInclude Include="Control\UIEdit.h">
      <Filter>Header Files\Control</Filter>
    </ClInclude>
    <ClInclude Include="Control\UILabel.h">
      <Filter>Header Files\Control</Filter>
    </ClInclude>
    <ClInclude Include="Control\UIList.h">
      <Filter>Header Files\Control</Filter>
    </ClInclude>
    <ClInclude Include="Control\UIOption.h">
      <Filter>Header Files\Control</Filter>
    </ClInclude>
    <ClInclude Include="Control\UIProgress.h">
      <Filter>Header Files\Control</Filter>
    </ClInclude>
    <ClInclude Include="Control\UIRichEdit.h">
      <Filter>Header Files\Control</Filter>
    </ClInclude>
    <ClInclude Include="Control\UIScrollBar.h">
      <Filter>Header Files\Control</Filter>
    </ClInclude>
    <ClInclude Include="Control\UISlider.h">
      <Filter>Header Files\Control</Filter>
    </ClInclude>
    <ClInclude Include="Control\UIText.h">
      <Filter>Header Files\Control</Filter>
    </ClInclude>
    <ClInclude Include="Control\UITreeView.h">
      <Filter>Header Files\Control</Filter>
    </ClInclude>
    <ClInclude Include="Control\UIWebBrowser.h">
      <Filter>Header Files\Control</Filter>
    </ClInclude>
    <ClInclude Include="Control\UIAnimation.h">
      <Filter>Header Files\Control</Filter>
    </ClInclude>
    <ClInclude Include="Control\UIFadeAnimation.h">
      <Filter>Header Files\Control</Filter>
    </ClInclude>
    <ClInclude Include="Control\UIFadeButton.h">
      <Filter>Header Files\Control</Filter>
    </ClInclude>
    <ClInclude Include="Control\UIFadeCheckBox.h">
      <Filter>Header Files\Control</Filter>
    </ClInclude>
    <ClInclude Include="Control\UIFadeOption.h">
      <Filter>Header Files\Control</Filter>
    </ClInclude>
    <ClInclude Include="Layout\UIAnimationTabLayout.h">
      <Filter>Header Files\Layout</Filter>
    </ClInclude>
    <ClInclude Include="Control\UIHotKey.h">
      <Filter>Header Files\Control</Filter>
    </ClInclude>
    <ClInclude Include="Control\UIAnimControl.h">
      <Filter>Header Files\Control</Filter>
    </ClInclude>
    <ClInclude Include="Control\UISeqAnimation.h">
      <Filter>Header Files\Control</Filter>
    </ClInclude>
    <ClInclude Include="Control\UISeqButton.h">
      <Filter>Header Files\Control</Filter>
    </ClInclude>
    <ClInclude Include="Utils\Window.h">
      <Filter>Header Files\Utils</Filter>
    </ClInclude>
    <ClInclude Include="Control\UIAlbumButton.h">
      <Filter>Header Files\Control</Filter>
    </ClInclude>
    <ClInclude Include="Control\UIGifAnim.h">
      <Filter>Header Files\Control</Filter>
    </ClInclude>
    <ClInclude Include="Utils\UIReflection.h">
      <Filter>Header Files\Utils</Filter>
    </ClInclude>
    <ClInclude Include="Control\UIRadio.h">
      <Filter>Header Files\Control</Filter>
    </ClInclude>
    <ClInclude Include="Control\UIAniHelper.h">
      <Filter>Header Files\Control</Filter>
    </ClInclude>
    <ClInclude Include="Utils\WindowImpl.h">
      <Filter>Header Files\Utils</Filter>
    </ClInclude>
    <ClInclude Include="Control\UIFlash.h">
      <Filter>Header Files\Control</Filter>
    </ClInclude>
    <ClInclude Include="ControlInclude.h">
      <Filter>Header Files</Filter>
    </ClInclude>
    <ClInclude Include="Extend\WkeWebkit\UIWkeWebkit.h">
      <Filter>Extend\WkeWebkit</Filter>
    </ClInclude>
    <ClInclude Include="Extend\WkeWebkit\wke.h">
      <Filter>Extend\WkeWebkit</Filter>
    </ClInclude>
    <ClInclude Include="Extend\Sound\SoundEngine.h">
      <Filter>Extend\Sound</Filter>
    </ClInclude>
    <ClInclude Include="Extend\Sound\SoundSystem.h">
      <Filter>Extend\Sound</Filter>
    </ClInclude>
    <ClInclude Include="ExtendInclude.h">
      <Filter>Header Files</Filter>
    </ClInclude>
    <ClInclude Include="Common\observer_impl_base.hpp">
      <Filter>Common</Filter>
    </ClInclude>
    <ClInclude Include="Common\UICrack.h">
      <Filter>Common</Filter>
    </ClInclude>
    <ClInclude Include="CommonInclude.h">
      <Filter>Header Files</Filter>
    </ClInclude>
    <ClInclude Include="Common\Utility.h">
      <Filter>Common</Filter>
    </ClInclude>
    <ClInclude Include="Common\sys.h">
      <Filter>Common</Filter>
    </ClInclude>
    <ClInclude Include="Extend\Menu\UIMenu.h">
      <Filter>Extend\Menu</Filter>
    </ClInclude>
    <ClInclude Include="Common\DuiString.h">
      <Filter>Common</Filter>
    </ClInclude>
    <ClInclude Include="Common\AssertX.h">
      <Filter>Common</Filter>
    </ClInclude>
    <ClInclude Include="Common\Exception.h">
      <Filter>Common</Filter>
    </ClInclude>
    <ClInclude Include="IDuiObject.h">
      <Filter>Header Files</Filter>
    </ClInclude>
    <ClInclude Include="Extend\Log\ILogger.h">
      <Filter>Extend\Logger</Filter>
    </ClInclude>
    <ClInclude Include="Extend\Log\Logger.h">
      <Filter>Extend\Logger</Filter>
    </ClInclude>
    <ClInclude Include="Core\UITimer.h">
      <Filter>Header Files\Core</Filter>
    </ClInclude>
    <ClInclude Include="Core\UITrayIcon.h">
      <Filter>Header Files\Core</Filter>
    </ClInclude>
    <ClInclude Include="resource.h">
      <Filter>Header Files</Filter>
    </ClInclude>
    <ClInclude Include="NetInclude.h">
      <Filter>Header Files</Filter>
    </ClInclude>
    <ClInclude Include="Common\DuiType.h">
      <Filter>Common</Filter>
    </ClInclude>
  </ItemGroup>
  <ItemGroup>
    <None Include="ClassDiagram.cd" />
  </ItemGroup>
  <ItemGroup>
    <ResourceCompile Include="DuiLib.rc">
      <Filter>Resource Files</Filter>
    </ResourceCompile>
  </ItemGroup>
  <ItemGroup>
    <Xml Include="MsgBox\MsgBox.xml">
      <Filter>Skin\msgbox</Filter>
    </Xml>
  </ItemGroup>
  <ItemGroup>
    <Image Include="MsgBox\skin\info_bg.bmp">
      <Filter>Skin\res</Filter>
    </Image>
    <Image Include="MsgBox\skin\border.png">
      <Filter>Skin\res</Filter>
    </Image>
    <Image Include="MsgBox\skin\btn.png">
      <Filter>Skin\res</Filter>
    </Image>
    <Image Include="MsgBox\skin\btn_click.png">
      <Filter>Skin\res</Filter>
    </Image>
    <Image Include="MsgBox\skin\btn_disable.png">
      <Filter>Skin\res</Filter>
    </Image>
    <Image Include="MsgBox\skin\checkbox.png">
      <Filter>Skin\res</Filter>
    </Image>
    <Image Include="MsgBox\skin\warn.png">
      <Filter>Skin\res</Filter>
    </Image>
    <Image Include="MsgBox\skin\info.png">
      <Filter>Skin\res</Filter>
    </Image>
    <Image Include="MsgBox\skin\ok.png">
      <Filter>Skin\res</Filter>
    </Image>
    <Image Include="MsgBox\skin\sys-close.png">
      <Filter>Skin\res</Filter>
    </Image>
    <Image Include="MsgBox\YTing\bg_007.jpg">
      <Filter>Skin\res</Filter>
    </Image>
  </ItemGroup>
</Project>