
Microsoft Visual Studio Solution File, Format Version 12.00
# Visual Studio 2013
VisualStudioVersion = 12.0.21005.1
MinimumVisualStudioVersion = 10.0.40219.1
Project("{8BC9CEB8-8B4A-11D0-8D11-00A0C91BC942}") = "DuiLib", "DuiLib\DuiLib.vcxproj", "{E106ACD7-4E53-4AEE-942B-D0DD426DB34E}"
EndProject
Project("{8BC9CEB8-8B4A-11D0-8D11-00A0C91BC942}") = "Test", "..\Test\Test\Test.vcxproj", "{2B3064D0-34DF-4AA2-B2FF-5925555BF8CF}"
EndProject
Project("{8BC9CEB8-8B4A-11D0-8D11-00A0C91BC942}") = "Server", "..\Server\Server\Server.vcxproj", "{96EB7BF3-F1F2-4DEF-BF93-D498ACE8A55E}"
EndProject
Project("{8BC9CEB8-8B4A-11D0-8D11-00A0C91BC942}") = "LuaDuiLib", "..\LuaDuiLib\LuaDuiLib\LuaDuiLib.vcxproj", "{FB6F104A-FC46-42B8-909C-1DAF2BDFA674}"
EndProject
Project("{8BC9CEB8-8B4A-11D0-8D11-00A0C91BC942}") = "Client", "..\Client\Client\Client.vcxproj", "{240EE1AF-ACC1-41B1-8732-4D5655AECA00}"
EndProject
Project("{8BC9CEB8-8B4A-11D0-8D11-00A0C91BC942}") = "QQ", "..\QQ\QQ\QQ.vcxproj", "{CA3746AA-CA6E-4DC5-8ED6-F2D52710011C}"
EndProject
Project("{8BC9CEB8-8B4A-11D0-8D11-00A0C91BC942}") = "YMusic", "..\YMusic\YMusic\YMusic.vcxproj", "{560397DF-AAA0-4EFC-A061-AC6E5119DC3E}"
EndProject
Global
	GlobalSection(SolutionConfigurationPlatforms) = preSolution
		Debug_Static|Win32 = Debug_Static|Win32
		Debug|Win32 = Debug|Win32
		Release_Static|Win32 = Release_Static|Win32
		Release|Win32 = Release|Win32
		UnicodeDebug_Static|Win32 = UnicodeDebug_Static|Win32
		UnicodeDebug|Win32 = UnicodeDebug|Win32
		UnicodeRelease_Static|Win32 = UnicodeRelease_Static|Win32
		UnicodeRelease|Win32 = UnicodeRelease|Win32
	EndGlobalSection
	GlobalSection(ProjectConfigurationPlatforms) = postSolution
		{E106ACD7-4E53-4AEE-942B-D0DD426DB34E}.Debug_Static|Win32.ActiveCfg = Debug_Static|Win32
		{E106ACD7-4E53-4AEE-942B-D0DD426DB34E}.Debug_Static|Win32.Build.0 = Debug_Static|Win32
		{E106ACD7-4E53-4AEE-942B-D0DD426DB34E}.Debug|Win32.ActiveCfg = Debug|Win32
		{E106ACD7-4E53-4AEE-942B-D0DD426DB34E}.Debug|Win32.Build.0 = Debug|Win32
		{E106ACD7-4E53-4AEE-942B-D0DD426DB34E}.Release_Static|Win32.ActiveCfg = Release_Static|Win32
		{E106ACD7-4E53-4AEE-942B-D0DD426DB34E}.Release_Static|Win32.Build.0 = Release_Static|Win32
		{E106ACD7-4E53-4AEE-942B-D0DD426DB34E}.Release|Win32.ActiveCfg = Release|Win32
		{E106ACD7-4E53-4AEE-942B-D0DD426DB34E}.Release|Win32.Build.0 = Release|Win32
		{E106ACD7-4E53-4AEE-942B-D0DD426DB34E}.UnicodeDebug_Static|Win32.ActiveCfg = UnicodeDebug_Static|Win32
		{E106ACD7-4E53-4AEE-942B-D0DD426DB34E}.UnicodeDebug_Static|Win32.Build.0 = UnicodeDebug_Static|Win32
		{E106ACD7-4E53-4AEE-942B-D0DD426DB34E}.UnicodeDebug|Win32.ActiveCfg = UnicodeDebug|Win32
		{E106ACD7-4E53-4AEE-942B-D0DD426DB34E}.UnicodeDebug|Win32.Build.0 = UnicodeDebug|Win32
		{E106ACD7-4E53-4AEE-942B-D0DD426DB34E}.UnicodeRelease_Static|Win32.ActiveCfg = UnicodeRelease_Static|Win32
		{E106ACD7-4E53-4AEE-942B-D0DD426DB34E}.UnicodeRelease_Static|Win32.Build.0 = UnicodeRelease_Static|Win32
		{E106ACD7-4E53-4AEE-942B-D0DD426DB34E}.UnicodeRelease|Win32.ActiveCfg = UnicodeRelease|Win32
		{E106ACD7-4E53-4AEE-942B-D0DD426DB34E}.UnicodeRelease|Win32.Build.0 = UnicodeRelease|Win32
		{2B3064D0-34DF-4AA2-B2FF-5925555BF8CF}.Debug_Static|Win32.ActiveCfg = Debug_Static|Win32
		{2B3064D0-34DF-4AA2-B2FF-5925555BF8CF}.Debug_Static|Win32.Build.0 = Debug_Static|Win32
		{2B3064D0-34DF-4AA2-B2FF-5925555BF8CF}.Debug|Win32.ActiveCfg = Debug|Win32
		{2B3064D0-34DF-4AA2-B2FF-5925555BF8CF}.Debug|Win32.Build.0 = Debug|Win32
		{2B3064D0-34DF-4AA2-B2FF-5925555BF8CF}.Release_Static|Win32.ActiveCfg = Release_Static|Win32
		{2B3064D0-34DF-4AA2-B2FF-5925555BF8CF}.Release_Static|Win32.Build.0 = Release_Static|Win32
		{2B3064D0-34DF-4AA2-B2FF-5925555BF8CF}.Release|Win32.ActiveCfg = Release|Win32
		{2B3064D0-34DF-4AA2-B2FF-5925555BF8CF}.Release|Win32.Build.0 = Release|Win32
		{2B3064D0-34DF-4AA2-B2FF-5925555BF8CF}.UnicodeDebug_Static|Win32.ActiveCfg = UnicodeDebug|Win32
		{2B3064D0-34DF-4AA2-B2FF-5925555BF8CF}.UnicodeDebug_Static|Win32.Build.0 = UnicodeDebug|Win32
		{2B3064D0-34DF-4AA2-B2FF-5925555BF8CF}.UnicodeDebug|Win32.ActiveCfg = UnicodeDebug|Win32
		{2B3064D0-34DF-4AA2-B2FF-5925555BF8CF}.UnicodeDebug|Win32.Build.0 = UnicodeDebug|Win32
		{2B3064D0-34DF-4AA2-B2FF-5925555BF8CF}.UnicodeRelease_Static|Win32.ActiveCfg = Release_Static|Win32
		{2B3064D0-34DF-4AA2-B2FF-5925555BF8CF}.UnicodeRelease_Static|Win32.Build.0 = Release_Static|Win32
		{2B3064D0-34DF-4AA2-B2FF-5925555BF8CF}.UnicodeRelease|Win32.ActiveCfg = UnicodeDebug|Win32
		{2B3064D0-34DF-4AA2-B2FF-5925555BF8CF}.UnicodeRelease|Win32.Build.0 = UnicodeDebug|Win32
		{96EB7BF3-F1F2-4DEF-BF93-D498ACE8A55E}.Debug_Static|Win32.ActiveCfg = Debug|Win32
		{96EB7BF3-F1F2-4DEF-BF93-D498ACE8A55E}.Debug_Static|Win32.Build.0 = Debug|Win32
		{96EB7BF3-F1F2-4DEF-BF93-D498ACE8A55E}.Debug|Win32.ActiveCfg = Debug|Win32
		{96EB7BF3-F1F2-4DEF-BF93-D498ACE8A55E}.Debug|Win32.Build.0 = Debug|Win32
		{96EB7BF3-F1F2-4DEF-BF93-D498ACE8A55E}.Release_Static|Win32.ActiveCfg = Release|Win32
		{96EB7BF3-F1F2-4DEF-BF93-D498ACE8A55E}.Release_Static|Win32.Build.0 = Release|Win32
		{96EB7BF3-F1F2-4DEF-BF93-D498ACE8A55E}.Release|Win32.ActiveCfg = Release|Win32
		{96EB7BF3-F1F2-4DEF-BF93-D498ACE8A55E}.Release|Win32.Build.0 = Release|Win32
		{96EB7BF3-F1F2-4DEF-BF93-D498ACE8A55E}.UnicodeDebug_Static|Win32.ActiveCfg = Debug|Win32
		{96EB7BF3-F1F2-4DEF-BF93-D498ACE8A55E}.UnicodeDebug_Static|Win32.Build.0 = Debug|Win32
		{96EB7BF3-F1F2-4DEF-BF93-D498ACE8A55E}.UnicodeDebug|Win32.ActiveCfg = Debug|Win32
		{96EB7BF3-F1F2-4DEF-BF93-D498ACE8A55E}.UnicodeDebug|Win32.Build.0 = Debug|Win32
		{96EB7BF3-F1F2-4DEF-BF93-D498ACE8A55E}.UnicodeRelease_Static|Win32.ActiveCfg = Release|Win32
		{96EB7BF3-F1F2-4DEF-BF93-D498ACE8A55E}.UnicodeRelease_Static|Win32.Build.0 = Release|Win32
		{96EB7BF3-F1F2-4DEF-BF93-D498ACE8A55E}.UnicodeRelease|Win32.ActiveCfg = Release|Win32
		{96EB7BF3-F1F2-4DEF-BF93-D498ACE8A55E}.UnicodeRelease|Win32.Build.0 = Release|Win32
		{FB6F104A-FC46-42B8-909C-1DAF2BDFA674}.Debug_Static|Win32.ActiveCfg = Debug|Win32
		{FB6F104A-FC46-42B8-909C-1DAF2BDFA674}.Debug_Static|Win32.Build.0 = Debug|Win32
		{FB6F104A-FC46-42B8-909C-1DAF2BDFA674}.Debug|Win32.ActiveCfg = Debug|Win32
		{FB6F104A-FC46-42B8-909C-1DAF2BDFA674}.Debug|Win32.Build.0 = Debug|Win32
		{FB6F104A-FC46-42B8-909C-1DAF2BDFA674}.Release_Static|Win32.ActiveCfg = Release|Win32
		{FB6F104A-FC46-42B8-909C-1DAF2BDFA674}.Release_Static|Win32.Build.0 = Release|Win32
		{FB6F104A-FC46-42B8-909C-1DAF2BDFA674}.Release|Win32.ActiveCfg = Release|Win32
		{FB6F104A-FC46-42B8-909C-1DAF2BDFA674}.Release|Win32.Build.0 = Release|Win32
		{FB6F104A-FC46-42B8-909C-1DAF2BDFA674}.UnicodeDebug_Static|Win32.ActiveCfg = Debug|Win32
		{FB6F104A-FC46-42B8-909C-1DAF2BDFA674}.UnicodeDebug_Static|Win32.Build.0 = Debug|Win32
		{FB6F104A-FC46-42B8-909C-1DAF2BDFA674}.UnicodeDebug|Win32.ActiveCfg = Debug|Win32
		{FB6F104A-FC46-42B8-909C-1DAF2BDFA674}.UnicodeDebug|Win32.Build.0 = Debug|Win32
		{FB6F104A-FC46-42B8-909C-1DAF2BDFA674}.UnicodeRelease_Static|Win32.ActiveCfg = Release|Win32
		{FB6F104A-FC46-42B8-909C-1DAF2BDFA674}.UnicodeRelease_Static|Win32.Build.0 = Release|Win32
		{FB6F104A-FC46-42B8-909C-1DAF2BDFA674}.UnicodeRelease|Win32.ActiveCfg = Release|Win32
		{FB6F104A-FC46-42B8-909C-1DAF2BDFA674}.UnicodeRelease|Win32.Build.0 = Release|Win32
		{240EE1AF-ACC1-41B1-8732-4D5655AECA00}.Debug_Static|Win32.ActiveCfg = Debug|Win32
		{240EE1AF-ACC1-41B1-8732-4D5655AECA00}.Debug_Static|Win32.Build.0 = Debug|Win32
		{240EE1AF-ACC1-41B1-8732-4D5655AECA00}.Debug|Win32.ActiveCfg = Debug|Win32
		{240EE1AF-ACC1-41B1-8732-4D5655AECA00}.Debug|Win32.Build.0 = Debug|Win32
		{240EE1AF-ACC1-41B1-8732-4D5655AECA00}.Release_Static|Win32.ActiveCfg = Release|Win32
		{240EE1AF-ACC1-41B1-8732-4D5655AECA00}.Release_Static|Win32.Build.0 = Release|Win32
		{240EE1AF-ACC1-41B1-8732-4D5655AECA00}.Release|Win32.ActiveCfg = Release|Win32
		{240EE1AF-ACC1-41B1-8732-4D5655AECA00}.Release|Win32.Build.0 = Release|Win32
		{240EE1AF-ACC1-41B1-8732-4D5655AECA00}.UnicodeDebug_Static|Win32.ActiveCfg = Debug|Win32
		{240EE1AF-ACC1-41B1-8732-4D5655AECA00}.UnicodeDebug_Static|Win32.Build.0 = Debug|Win32
		{240EE1AF-ACC1-41B1-8732-4D5655AECA00}.UnicodeDebug|Win32.ActiveCfg = Debug|Win32
		{240EE1AF-ACC1-41B1-8732-4D5655AECA00}.UnicodeDebug|Win32.Build.0 = Debug|Win32
		{240EE1AF-ACC1-41B1-8732-4D5655AECA00}.UnicodeRelease_Static|Win32.ActiveCfg = Release|Win32
		{240EE1AF-ACC1-41B1-8732-4D5655AECA00}.UnicodeRelease_Static|Win32.Build.0 = Release|Win32
		{240EE1AF-ACC1-41B1-8732-4D5655AECA00}.UnicodeRelease|Win32.ActiveCfg = Release|Win32
		{240EE1AF-ACC1-41B1-8732-4D5655AECA00}.UnicodeRelease|Win32.Build.0 = Release|Win32
		{CA3746AA-CA6E-4DC5-8ED6-F2D52710011C}.Debug_Static|Win32.ActiveCfg = Debug|Win32
		{CA3746AA-CA6E-4DC5-8ED6-F2D52710011C}.Debug_Static|Win32.Build.0 = Debug|Win32
		{CA3746AA-CA6E-4DC5-8ED6-F2D52710011C}.Debug|Win32.ActiveCfg = Debug|Win32
		{CA3746AA-CA6E-4DC5-8ED6-F2D52710011C}.Debug|Win32.Build.0 = Debug|Win32
		{CA3746AA-CA6E-4DC5-8ED6-F2D52710011C}.Release_Static|Win32.ActiveCfg = Release|Win32
		{CA3746AA-CA6E-4DC5-8ED6-F2D52710011C}.Release_Static|Win32.Build.0 = Release|Win32
		{CA3746AA-CA6E-4DC5-8ED6-F2D52710011C}.Release|Win32.ActiveCfg = Release|Win32
		{CA3746AA-CA6E-4DC5-8ED6-F2D52710011C}.Release|Win32.Build.0 = Release|Win32
		{CA3746AA-CA6E-4DC5-8ED6-F2D52710011C}.UnicodeDebug_Static|Win32.ActiveCfg = Debug|Win32
		{CA3746AA-CA6E-4DC5-8ED6-F2D52710011C}.UnicodeDebug_Static|Win32.Build.0 = Debug|Win32
		{CA3746AA-CA6E-4DC5-8ED6-F2D52710011C}.UnicodeDebug|Win32.ActiveCfg = Debug|Win32
		{CA3746AA-CA6E-4DC5-8ED6-F2D52710011C}.UnicodeDebug|Win32.Build.0 = Debug|Win32
		{CA3746AA-CA6E-4DC5-8ED6-F2D52710011C}.UnicodeRelease_Static|Win32.ActiveCfg = Release|Win32
		{CA3746AA-CA6E-4DC5-8ED6-F2D52710011C}.UnicodeRelease_Static|Win32.Build.0 = Release|Win32
		{CA3746AA-CA6E-4DC5-8ED6-F2D52710011C}.UnicodeRelease|Win32.ActiveCfg = Release|Win32
		{CA3746AA-CA6E-4DC5-8ED6-F2D52710011C}.UnicodeRelease|Win32.Build.0 = Release|Win32
		{560397DF-AAA0-4EFC-A061-AC6E5119DC3E}.Debug_Static|Win32.ActiveCfg = Debug|Win32
		{560397DF-AAA0-4EFC-A061-AC6E5119DC3E}.Debug_Static|Win32.Build.0 = Debug|Win32
		{560397DF-AAA0-4EFC-A061-AC6E5119DC3E}.Debug|Win32.ActiveCfg = Debug|Win32
		{560397DF-AAA0-4EFC-A061-AC6E5119DC3E}.Debug|Win32.Build.0 = Debug|Win32
		{560397DF-AAA0-4EFC-A061-AC6E5119DC3E}.Release_Static|Win32.ActiveCfg = Release|Win32
		{560397DF-AAA0-4EFC-A061-AC6E5119DC3E}.Release_Static|Win32.Build.0 = Release|Win32
		{560397DF-AAA0-4EFC-A061-AC6E5119DC3E}.Release|Win32.ActiveCfg = Release|Win32
		{560397DF-AAA0-4EFC-A061-AC6E5119DC3E}.Release|Win32.Build.0 = Release|Win32
		{560397DF-AAA0-4EFC-A061-AC6E5119DC3E}.UnicodeDebug_Static|Win32.ActiveCfg = Debug|Win32
		{560397DF-AAA0-4EFC-A061-AC6E5119DC3E}.UnicodeDebug_Static|Win32.Build.0 = Debug|Win32
		{560397DF-AAA0-4EFC-A061-AC6E5119DC3E}.UnicodeDebug|Win32.ActiveCfg = Debug|Win32
		{560397DF-AAA0-4EFC-A061-AC6E5119DC3E}.UnicodeRelease_Static|Win32.ActiveCfg = Release|Win32
		{560397DF-AAA0-4EFC-A061-AC6E5119DC3E}.UnicodeRelease_Static|Win32.Build.0 = Release|Win32
		{560397DF-AAA0-4EFC-A061-AC6E5119DC3E}.UnicodeRelease|Win32.ActiveCfg = Release|Win32
	EndGlobalSection
	GlobalSection(SolutionProperties) = preSolution
		HideSolutionNode = FALSE
	EndGlobalSection
EndGlobal
